// !$*UTF8*$!
{
	archiveVersion = 1;
	classes = {
	};
	objectVersion = 50;
	objects = {

/* Begin PBXBuildFile section */
		1F1D6B0720CA07FD0005DC62 /* AppDelegate.swift in Sources */ = {isa = PBXBuildFile; fileRef = 1F1D6B0620CA07FD0005DC62 /* AppDelegate.swift */; };
		1F1D6B0920CA07FD0005DC62 /* ListViewController.swift in Sources */ = {isa = PBXBuildFile; fileRef = 1F1D6B0820CA07FD0005DC62 /* ListViewController.swift */; };
		1F1D6B0C20CA07FD0005DC62 /* Main.storyboard in Resources */ = {isa = PBXBuildFile; fileRef = 1F1D6B0A20CA07FD0005DC62 /* Main.storyboard */; };
		1F1D6B0E20CA07FF0005DC62 /* Assets.xcassets in Resources */ = {isa = PBXBuildFile; fileRef = 1F1D6B0D20CA07FF0005DC62 /* Assets.xcassets */; };
		1F1D6B1120CA07FF0005DC62 /* LaunchScreen.storyboard in Resources */ = {isa = PBXBuildFile; fileRef = 1F1D6B0F20CA07FF0005DC62 /* LaunchScreen.storyboard */; };
		1F1D6B1C20CA07FF0005DC62 /* Breed_ListTests.swift in Sources */ = {isa = PBXBuildFile; fileRef = 1F1D6B1B20CA07FF0005DC62 /* Breed_ListTests.swift */; };
		1F1D6B2720CA07FF0005DC62 /* Breed_ListUITests.swift in Sources */ = {isa = PBXBuildFile; fileRef = 1F1D6B2620CA07FF0005DC62 /* Breed_ListUITests.swift */; };
		1F64B59820CCA58800EEAFD1 /* NetworkModel.swift in Sources */ = {isa = PBXBuildFile; fileRef = 1F64B59720CCA58800EEAFD1 /* NetworkModel.swift */; };
		1F98578F20CC9AF600184825 /* Breeds.swift in Sources */ = {isa = PBXBuildFile; fileRef = 1F98578E20CC9AF600184825 /* Breeds.swift */; };
		1F98579220CC9C5D00184825 /* NetworkController.swift in Sources */ = {isa = PBXBuildFile; fileRef = 1F98579120CC9C5D00184825 /* NetworkController.swift */; };
/* End PBXBuildFile section */

/* Begin PBXContainerItemProxy section */
		1F1D6B1820CA07FF0005DC62 /* PBXContainerItemProxy */ = {
			isa = PBXContainerItemProxy;
			containerPortal = 1F1D6AFB20CA07FD0005DC62 /* Project object */;
			proxyType = 1;
			remoteGlobalIDString = 1F1D6B0220CA07FD0005DC62;
			remoteInfo = "Breed-List";
		};
		1F1D6B2320CA07FF0005DC62 /* PBXContainerItemProxy */ = {
			isa = PBXContainerItemProxy;
			containerPortal = 1F1D6AFB20CA07FD0005DC62 /* Project object */;
			proxyType = 1;
			remoteGlobalIDString = 1F1D6B0220CA07FD0005DC62;
			remoteInfo = "Breed-List";
		};
/* End PBXContainerItemProxy section */

/* Begin PBXFileReference section */
		1F1D6B0320CA07FD0005DC62 /* Breed-List.app */ = {isa = PBXFileReference; explicitFileType = wrapper.application; includeInIndex = 0; path = "Breed-List.app"; sourceTree = BUILT_PRODUCTS_DIR; };
		1F1D6B0620CA07FD0005DC62 /* AppDelegate.swift */ = {isa = PBXFileReference; lastKnownFileType = sourcecode.swift; path = AppDelegate.swift; sourceTree = "<group>"; };
		1F1D6B0820CA07FD0005DC62 /* ListViewController.swift */ = {isa = PBXFileReference; lastKnownFileType = sourcecode.swift; path = ListViewController.swift; sourceTree = "<group>"; };
		1F1D6B0B20CA07FD0005DC62 /* Base */ = {isa = PBXFileReference; lastKnownFileType = file.storyboard; name = Base; path = Base.lproj/Main.storyboard; sourceTree = "<group>"; };
		1F1D6B0D20CA07FF0005DC62 /* Assets.xcassets */ = {isa = PBXFileReference; lastKnownFileType = folder.assetcatalog; path = Assets.xcassets; sourceTree = "<group>"; };
		1F1D6B1020CA07FF0005DC62 /* Base */ = {isa = PBXFileReference; lastKnownFileType = file.storyboard; name = Base; path = Base.lproj/LaunchScreen.storyboard; sourceTree = "<group>"; };
		1F1D6B1220CA07FF0005DC62 /* Info.plist */ = {isa = PBXFileReference; lastKnownFileType = text.plist.xml; path = Info.plist; sourceTree = "<group>"; };
		1F1D6B1720CA07FF0005DC62 /* Breed-ListTests.xctest */ = {isa = PBXFileReference; explicitFileType = wrapper.cfbundle; includeInIndex = 0; path = "Breed-ListTests.xctest"; sourceTree = BUILT_PRODUCTS_DIR; };
		1F1D6B1B20CA07FF0005DC62 /* Breed_ListTests.swift */ = {isa = PBXFileReference; lastKnownFileType = sourcecode.swift; path = Breed_ListTests.swift; sourceTree = "<group>"; };
		1F1D6B1D20CA07FF0005DC62 /* Info.plist */ = {isa = PBXFileReference; lastKnownFileType = text.plist.xml; path = Info.plist; sourceTree = "<group>"; };
		1F1D6B2220CA07FF0005DC62 /* Breed-ListUITests.xctest */ = {isa = PBXFileReference; explicitFileType = wrapper.cfbundle; includeInIndex = 0; path = "Breed-ListUITests.xctest"; sourceTree = BUILT_PRODUCTS_DIR; };
		1F1D6B2620CA07FF0005DC62 /* Breed_ListUITests.swift */ = {isa = PBXFileReference; lastKnownFileType = sourcecode.swift; path = Breed_ListUITests.swift; sourceTree = "<group>"; };
		1F1D6B2820CA07FF0005DC62 /* Info.plist */ = {isa = PBXFileReference; lastKnownFileType = text.plist.xml; path = Info.plist; sourceTree = "<group>"; };
		1F64B59720CCA58800EEAFD1 /* NetworkModel.swift */ = {isa = PBXFileReference; lastKnownFileType = sourcecode.swift; path = NetworkModel.swift; sourceTree = "<group>"; };
		1F98578E20CC9AF600184825 /* Breeds.swift */ = {isa = PBXFileReference; lastKnownFileType = sourcecode.swift; path = Breeds.swift; sourceTree = "<group>"; };
		1F98579120CC9C5D00184825 /* NetworkController.swift */ = {isa = PBXFileReference; lastKnownFileType = sourcecode.swift; path = NetworkController.swift; sourceTree = "<group>"; };
/* End PBXFileReference section */

/* Begin PBXFrameworksBuildPhase section */
		1F1D6B0020CA07FD0005DC62 /* Frameworks */ = {
			isa = PBXFrameworksBuildPhase;
			buildActionMask = 2147483647;
			files = (
			);
			runOnlyForDeploymentPostprocessing = 0;
		};
		1F1D6B1420CA07FF0005DC62 /* Frameworks */ = {
			isa = PBXFrameworksBuildPhase;
			buildActionMask = 2147483647;
			files = (
			);
			runOnlyForDeploymentPostprocessing = 0;
		};
		1F1D6B1F20CA07FF0005DC62 /* Frameworks */ = {
			isa = PBXFrameworksBuildPhase;
			buildActionMask = 2147483647;
			files = (
			);
			runOnlyForDeploymentPostprocessing = 0;
		};
/* End PBXFrameworksBuildPhase section */

/* Begin PBXGroup section */
		1F1D6AFA20CA07FD0005DC62 = {
			isa = PBXGroup;
			children = (
				1F1D6B0520CA07FD0005DC62 /* Breed-List */,
				1F1D6B1A20CA07FF0005DC62 /* Breed-ListTests */,
				1F1D6B2520CA07FF0005DC62 /* Breed-ListUITests */,
				1F1D6B0420CA07FD0005DC62 /* Products */,
			);
			sourceTree = "<group>";
		};
		1F1D6B0420CA07FD0005DC62 /* Products */ = {
			isa = PBXGroup;
			children = (
				1F1D6B0320CA07FD0005DC62 /* Breed-List.app */,
				1F1D6B1720CA07FF0005DC62 /* Breed-ListTests.xctest */,
				1F1D6B2220CA07FF0005DC62 /* Breed-ListUITests.xctest */,
			);
			name = Products;
			sourceTree = "<group>";
		};
		1F1D6B0520CA07FD0005DC62 /* Breed-List */ = {
			isa = PBXGroup;
			children = (
				1F98579020CC9C4800184825 /* Controllers */,
				1F98578D20CC9AEA00184825 /* Models */,
				1F1D6B0620CA07FD0005DC62 /* AppDelegate.swift */,
				1F1D6B0A20CA07FD0005DC62 /* Main.storyboard */,
				1F1D6B0D20CA07FF0005DC62 /* Assets.xcassets */,
				1F1D6B0F20CA07FF0005DC62 /* LaunchScreen.storyboard */,
				1F1D6B1220CA07FF0005DC62 /* Info.plist */,
			);
			path = "Breed-List";
			sourceTree = "<group>";
		};
		1F1D6B1A20CA07FF0005DC62 /* Breed-ListTests */ = {
			isa = PBXGroup;
			children = (
				1F1D6B1B20CA07FF0005DC62 /* Breed_ListTests.swift */,
				1F1D6B1D20CA07FF0005DC62 /* Info.plist */,
			);
			path = "Breed-ListTests";
			sourceTree = "<group>";
		};
		1F1D6B2520CA07FF0005DC62 /* Breed-ListUITests */ = {
			isa = PBXGroup;
			children = (
				1F1D6B2620CA07FF0005DC62 /* Breed_ListUITests.swift */,
				1F1D6B2820CA07FF0005DC62 /* Info.plist */,
			);
			path = "Breed-ListUITests";
			sourceTree = "<group>";
		};
		1F98578D20CC9AEA00184825 /* Models */ = {
			isa = PBXGroup;
			children = (
				1F98578E20CC9AF600184825 /* Breeds.swift */,
			);
			path = Models;
			sourceTree = "<group>";
		};
		1F98579020CC9C4800184825 /* Controllers */ = {
			isa = PBXGroup;
			children = (
				1F1D6B0820CA07FD0005DC62 /* ListViewController.swift */,
				1F98579120CC9C5D00184825 /* NetworkController.swift */,
				1F64B59720CCA58800EEAFD1 /* NetworkModel.swift */,
			);
			path = Controllers;
			sourceTree = "<group>";
		};
/* End PBXGroup section */

/* Begin PBXNativeTarget section */
		1F1D6B0220CA07FD0005DC62 /* Breed-List */ = {
			isa = PBXNativeTarget;
			buildConfigurationList = 1F1D6B2B20CA07FF0005DC62 /* Build configuration list for PBXNativeTarget "Breed-List" */;
			buildPhases = (
				1F1D6AFF20CA07FD0005DC62 /* Sources */,
				1F1D6B0020CA07FD0005DC62 /* Frameworks */,
				1F1D6B0120CA07FD0005DC62 /* Resources */,
			);
			buildRules = (
			);
			dependencies = (
			);
			name = "Breed-List";
			productName = "Breed-List";
			productReference = 1F1D6B0320CA07FD0005DC62 /* Breed-List.app */;
			productType = "com.apple.product-type.application";
		};
		1F1D6B1620CA07FF0005DC62 /* Breed-ListTests */ = {
			isa = PBXNativeTarget;
			buildConfigurationList = 1F1D6B2E20CA07FF0005DC62 /* Build configuration list for PBXNativeTarget "Breed-ListTests" */;
			buildPhases = (
				1F1D6B1320CA07FF0005DC62 /* Sources */,
				1F1D6B1420CA07FF0005DC62 /* Frameworks */,
				1F1D6B1520CA07FF0005DC62 /* Resources */,
			);
			buildRules = (
			);
			dependencies = (
				1F1D6B1920CA07FF0005DC62 /* PBXTargetDependency */,
			);
			name = "Breed-ListTests";
			productName = "Breed-ListTests";
			productReference = 1F1D6B1720CA07FF0005DC62 /* Breed-ListTests.xctest */;
			productType = "com.apple.product-type.bundle.unit-test";
		};
		1F1D6B2120CA07FF0005DC62 /* Breed-ListUITests */ = {
			isa = PBXNativeTarget;
			buildConfigurationList = 1F1D6B3120CA07FF0005DC62 /* Build configuration list for PBXNativeTarget "Breed-ListUITests" */;
			buildPhases = (
				1F1D6B1E20CA07FF0005DC62 /* Sources */,
				1F1D6B1F20CA07FF0005DC62 /* Frameworks */,
				1F1D6B2020CA07FF0005DC62 /* Resources */,
			);
			buildRules = (
			);
			dependencies = (
				1F1D6B2420CA07FF0005DC62 /* PBXTargetDependency */,
			);
			name = "Breed-ListUITests";
			productName = "Breed-ListUITests";
			productReference = 1F1D6B2220CA07FF0005DC62 /* Breed-ListUITests.xctest */;
			productType = "com.apple.product-type.bundle.ui-testing";
		};
/* End PBXNativeTarget section */

/* Begin PBXProject section */
		1F1D6AFB20CA07FD0005DC62 /* Project object */ = {
			isa = PBXProject;
			attributes = {
				LastSwiftUpdateCheck = 0940;
				LastUpgradeCheck = 0940;
				ORGANIZATIONNAME = "Ray Gervais";
				TargetAttributes = {
					1F1D6B0220CA07FD0005DC62 = {
						CreatedOnToolsVersion = 9.4;
					};
					1F1D6B1620CA07FF0005DC62 = {
						CreatedOnToolsVersion = 9.4;
						TestTargetID = 1F1D6B0220CA07FD0005DC62;
					};
					1F1D6B2120CA07FF0005DC62 = {
						CreatedOnToolsVersion = 9.4;
						TestTargetID = 1F1D6B0220CA07FD0005DC62;
					};
				};
			};
			buildConfigurationList = 1F1D6AFE20CA07FD0005DC62 /* Build configuration list for PBXProject "Breed-List" */;
			compatibilityVersion = "Xcode 9.3";
			developmentRegion = en;
			hasScannedForEncodings = 0;
			knownRegions = (
				en,
				Base,
			);
			mainGroup = 1F1D6AFA20CA07FD0005DC62;
			productRefGroup = 1F1D6B0420CA07FD0005DC62 /* Products */;
			projectDirPath = "";
			projectRoot = "";
			targets = (
				1F1D6B0220CA07FD0005DC62 /* Breed-List */,
				1F1D6B1620CA07FF0005DC62 /* Breed-ListTests */,
				1F1D6B2120CA07FF0005DC62 /* Breed-ListUITests */,
			);
		};
/* End PBXProject section */

/* Begin PBXResourcesBuildPhase section */
		1F1D6B0120CA07FD0005DC62 /* Resources */ = {
			isa = PBXResourcesBuildPhase;
			buildActionMask = 2147483647;
			files = (
				1F1D6B1120CA07FF0005DC62 /* LaunchScreen.storyboard in Resources */,
				1F1D6B0E20CA07FF0005DC62 /* Assets.xcassets in Resources */,
				1F1D6B0C20CA07FD0005DC62 /* Main.storyboard in Resources */,
			);
			runOnlyForDeploymentPostprocessing = 0;
		};
		1F1D6B1520CA07FF0005DC62 /* Resources */ = {
			isa = PBXResourcesBuildPhase;
			buildActionMask = 2147483647;
			files = (
			);
			runOnlyForDeploymentPostprocessing = 0;
		};
		1F1D6B2020CA07FF0005DC62 /* Resources */ = {
			isa = PBXResourcesBuildPhase;
			buildActionMask = 2147483647;
			files = (
			);
			runOnlyForDeploymentPostprocessing = 0;
		};
/* End PBXResourcesBuildPhase section */

/* Begin PBXSourcesBuildPhase section */
		1F1D6AFF20CA07FD0005DC62 /* Sources */ = {
			isa = PBXSourcesBuildPhase;
			buildActionMask = 2147483647;
			files = (
				1F98579220CC9C5D00184825 /* NetworkController.swift in Sources */,
				1F1D6B0920CA07FD0005DC62 /* ListViewController.swift in Sources */,
				1F98578F20CC9AF600184825 /* Breeds.swift in Sources */,
				1F64B59820CCA58800EEAFD1 /* NetworkModel.swift in Sources */,
				1F1D6B0720CA07FD0005DC62 /* AppDelegate.swift in Sources */,
			);
			runOnlyForDeploymentPostprocessing = 0;
		};
		1F1D6B1320CA07FF0005DC62 /* Sources */ = {
			isa = PBXSourcesBuildPhase;
			buildActionMask = 2147483647;
			files = (
				1F1D6B1C20CA07FF0005DC62 /* Breed_ListTests.swift in Sources */,
			);
			runOnlyForDeploymentPostprocessing = 0;
		};
		1F1D6B1E20CA07FF0005DC62 /* Sources */ = {
			isa = PBXSourcesBuildPhase;
			buildActionMask = 2147483647;
			files = (
				1F1D6B2720CA07FF0005DC62 /* Breed_ListUITests.swift in Sources */,
			);
			runOnlyForDeploymentPostprocessing = 0;
		};
/* End PBXSourcesBuildPhase section */

/* Begin PBXTargetDependency section */
		1F1D6B1920CA07FF0005DC62 /* PBXTargetDependency */ = {
			isa = PBXTargetDependency;
			target = 1F1D6B0220CA07FD0005DC62 /* Breed-List */;
			targetProxy = 1F1D6B1820CA07FF0005DC62 /* PBXContainerItemProxy */;
		};
		1F1D6B2420CA07FF0005DC62 /* PBXTargetDependency */ = {
			isa = PBXTargetDependency;
			target = 1F1D6B0220CA07FD0005DC62 /* Breed-List */;
			targetProxy = 1F1D6B2320CA07FF0005DC62 /* PBXContainerItemProxy */;
		};
/* End PBXTargetDependency section */

/* Begin PBXVariantGroup section */
		1F1D6B0A20CA07FD0005DC62 /* Main.storyboard */ = {
			isa = PBXVariantGroup;
			children = (
				1F1D6B0B20CA07FD0005DC62 /* Base */,
			);
			name = Main.storyboard;
			sourceTree = "<group>";
		};
		1F1D6B0F20CA07FF0005DC62 /* LaunchScreen.storyboard */ = {
			isa = PBXVariantGroup;
			children = (
				1F1D6B1020CA07FF0005DC62 /* Base */,
			);
			name = LaunchScreen.storyboard;
			sourceTree = "<group>";
		};
/* End PBXVariantGroup section */

/* Begin XCBuildConfiguration section */
		1F1D6B2920CA07FF0005DC62 /* Debug */ = {
			isa = XCBuildConfiguration;
			buildSettings = {
				ALWAYS_SEARCH_USER_PATHS = NO;
				CLANG_ANALYZER_NONNULL = YES;
				CLANG_ANALYZER_NUMBER_OBJECT_CONVERSION = YES_AGGRESSIVE;
				CLANG_CXX_LANGUAGE_STANDARD = "gnu++14";
				CLANG_CXX_LIBRARY = "libc++";
				CLANG_ENABLE_MODULES = YES;
				CLANG_ENABLE_OBJC_ARC = YES;
				CLANG_ENABLE_OBJC_WEAK = YES;
				CLANG_WARN_BLOCK_CAPTURE_AUTORELEASING = YES;
				CLANG_WARN_BOOL_CONVERSION = YES;
				CLANG_WARN_COMMA = YES;
				CLANG_WARN_CONSTANT_CONVERSION = YES;
				CLANG_WARN_DEPRECATED_OBJC_IMPLEMENTATIONS = YES;
				CLANG_WARN_DIRECT_OBJC_ISA_USAGE = YES_ERROR;
				CLANG_WARN_DOCUMENTATION_COMMENTS = YES;
				CLANG_WARN_EMPTY_BODY = YES;
				CLANG_WARN_ENUM_CONVERSION = YES;
				CLANG_WARN_INFINITE_RECURSION = YES;
				CLANG_WARN_INT_CONVERSION = YES;
				CLANG_WARN_NON_LITERAL_NULL_CONVERSION = YES;
				CLANG_WARN_OBJC_IMPLICIT_RETAIN_SELF = YES;
				CLANG_WARN_OBJC_LITERAL_CONVERSION = YES;
				CLANG_WARN_OBJC_ROOT_CLASS = YES_ERROR;
				CLANG_WARN_RANGE_LOOP_ANALYSIS = YES;
				CLANG_WARN_STRICT_PROTOTYPES = YES;
				CLANG_WARN_SUSPICIOUS_MOVE = YES;
				CLANG_WARN_UNGUARDED_AVAILABILITY = YES_AGGRESSIVE;
				CLANG_WARN_UNREACHABLE_CODE = YES;
				CLANG_WARN__DUPLICATE_METHOD_MATCH = YES;
				CODE_SIGN_IDENTITY = "iPhone Developer";
				COPY_PHASE_STRIP = NO;
				DEBUG_INFORMATION_FORMAT = dwarf;
				ENABLE_STRICT_OBJC_MSGSEND = YES;
				ENABLE_TESTABILITY = YES;
				GCC_C_LANGUAGE_STANDARD = gnu11;
				GCC_DYNAMIC_NO_PIC = NO;
				GCC_NO_COMMON_BLOCKS = YES;
				GCC_OPTIMIZATION_LEVEL = 0;
				GCC_PREPROCESSOR_DEFINITIONS = (
					"DEBUG=1",
					"$(inherited)",
				);
				GCC_WARN_64_TO_32_BIT_CONVERSION = YES;
				GCC_WARN_ABOUT_RETURN_TYPE = YES_ERROR;
				GCC_WARN_UNDECLARED_SELECTOR = YES;
				GCC_WARN_UNINITIALIZED_AUTOS = YES_AGGRESSIVE;
				GCC_WARN_UNUSED_FUNCTION = YES;
				GCC_WARN_UNUSED_VARIABLE = YES;
				IPHONEOS_DEPLOYMENT_TARGET = 11.4;
				MTL_ENABLE_DEBUG_INFO = YES;
				ONLY_ACTIVE_ARCH = YES;
				SDKROOT = iphoneos;
				SWIFT_ACTIVE_COMPILATION_CONDITIONS = DEBUG;
				SWIFT_OPTIMIZATION_LEVEL = "-Onone";
			};
			name = Debug;
		};
		1F1D6B2A20CA07FF0005DC62 /* Release */ = {
			isa = XCBuildConfiguration;
			buildSettings = {
				ALWAYS_SEARCH_USER_PATHS = NO;
				CLANG_ANALYZER_NONNULL = YES;
				CLANG_ANALYZER_NUMBER_OBJECT_CONVERSION = YES_AGGRESSIVE;
				CLANG_CXX_LANGUAGE_STANDARD = "gnu++14";
				CLANG_CXX_LIBRARY = "libc++";
				CLANG_ENABLE_MODULES = YES;
				CLANG_ENABLE_OBJC_ARC = YES;
				CLANG_ENABLE_OBJC_WEAK = YES;
				CLANG_WARN_BLOCK_CAPTURE_AUTORELEASING = YES;
				CLANG_WARN_BOOL_CONVERSION = YES;
				CLANG_WARN_COMMA = YES;
				CLANG_WARN_CONSTANT_CONVERSION = YES;
				CLANG_WARN_DEPRECATED_OBJC_IMPLEMENTATIONS = YES;
				CLANG_WARN_DIRECT_OBJC_ISA_USAGE = YES_ERROR;
				CLANG_WARN_DOCUMENTATION_COMMENTS = YES;
				CLANG_WARN_EMPTY_BODY = YES;
				CLANG_WARN_ENUM_CONVERSION = YES;
				CLANG_WARN_INFINITE_RECURSION = YES;
				CLANG_WARN_INT_CONVERSION = YES;
				CLANG_WARN_NON_LITERAL_NULL_CONVERSION = YES;
				CLANG_WARN_OBJC_IMPLICIT_RETAIN_SELF = YES;
				CLANG_WARN_OBJC_LITERAL_CONVERSION = YES;
				CLANG_WARN_OBJC_ROOT_CLASS = YES_ERROR;
				CLANG_WARN_RANGE_LOOP_ANALYSIS = YES;
				CLANG_WARN_STRICT_PROTOTYPES = YES;
				CLANG_WARN_SUSPICIOUS_MOVE = YES;
				CLANG_WARN_UNGUARDED_AVAILABILITY = YES_AGGRESSIVE;
				CLANG_WARN_UNREACHABLE_CODE = YES;
				CLANG_WARN__DUPLICATE_METHOD_MATCH = YES;
				CODE_SIGN_IDENTITY = "iPhone Developer";
				COPY_PHASE_STRIP = NO;
				DEBUG_INFORMATION_FORMAT = "dwarf-with-dsym";
				ENABLE_NS_ASSERTIONS = NO;
				ENABLE_STRICT_OBJC_MSGSEND = YES;
				GCC_C_LANGUAGE_STANDARD = gnu11;
				GCC_NO_COMMON_BLOCKS = YES;
				GCC_WARN_64_TO_32_BIT_CONVERSION = YES;
				GCC_WARN_ABOUT_RETURN_TYPE = YES_ERROR;
				GCC_WARN_UNDECLARED_SELECTOR = YES;
				GCC_WARN_UNINITIALIZED_AUTOS = YES_AGGRESSIVE;
				GCC_WARN_UNUSED_FUNCTION = YES;
				GCC_WARN_UNUSED_VARIABLE = YES;
				IPHONEOS_DEPLOYMENT_TARGET = 11.4;
				MTL_ENABLE_DEBUG_INFO = NO;
				SDKROOT = iphoneos;
				SWIFT_COMPILATION_MODE = wholemodule;
				SWIFT_OPTIMIZATION_LEVEL = "-O";
				VALIDATE_PRODUCT = YES;
			};
			name = Release;
		};
		1F1D6B2C20CA07FF0005DC62 /* Debug */ = {
			isa = XCBuildConfiguration;
			buildSettings = {
				ASSETCATALOG_COMPILER_APPICON_NAME = AppIcon;
				CODE_SIGN_STYLE = Automatic;
				INFOPLIST_FILE = "Breed-List/Info.plist";
				LD_RUNPATH_SEARCH_PATHS = (
					"$(inherited)",
					"@executable_path/Frameworks",
				);
				PRODUCT_BUNDLE_IDENTIFIER = "RayGervais.Breed-List";
				PRODUCT_NAME = "$(TARGET_NAME)";
				SWIFT_VERSION = 4.0;
				TARGETED_DEVICE_FAMILY = "1,2";
			};
			name = Debug;
		};
		1F1D6B2D20CA07FF0005DC62 /* Release */ = {
			isa = XCBuildConfiguration;
			buildSettings = {
				ASSETCATALOG_COMPILER_APPICON_NAME = AppIcon;
				CODE_SIGN_STYLE = Automatic;
				INFOPLIST_FILE = "Breed-List/Info.plist";
				LD_RUNPATH_SEARCH_PATHS = (
					"$(inherited)",
					"@executable_path/Frameworks",
				);
				PRODUCT_BUNDLE_IDENTIFIER = "RayGervais.Breed-List";
				PRODUCT_NAME = "$(TARGET_NAME)";
				SWIFT_VERSION = 4.0;
				TARGETED_DEVICE_FAMILY = "1,2";
			};
			name = Release;
		};
		1F1D6B2F20CA07FF0005DC62 /* Debug */ = {
			isa = XCBuildConfiguration;
			buildSettings = {
				ALWAYS_EMBED_SWIFT_STANDARD_LIBRARIES = YES;
				BUNDLE_LOADER = "$(TEST_HOST)";
				CODE_SIGN_STYLE = Automatic;
				INFOPLIST_FILE = "Breed-ListTests/Info.plist";
				LD_RUNPATH_SEARCH_PATHS = (
					"$(inherited)",
					"@executable_path/Frameworks",
					"@loader_path/Frameworks",
				);
				PRODUCT_BUNDLE_IDENTIFIER = "RayGervais.Breed-ListTests";
				PRODUCT_NAME = "$(TARGET_NAME)";
				SWIFT_VERSION = 4.0;
				TARGETED_DEVICE_FAMILY = "1,2";
				TEST_HOST = "$(BUILT_PRODUCTS_DIR)/Breed-List.app/Breed-List";
			};
			name = Debug;
		};
		1F1D6B3020CA07FF0005DC62 /* Release */ = {
			isa = XCBuildConfiguration;
			buildSettings = {
				ALWAYS_EMBED_SWIFT_STANDARD_LIBRARIES = YES;
				BUNDLE_LOADER = "$(TEST_HOST)";
				CODE_SIGN_STYLE = Automatic;
				INFOPLIST_FILE = "Breed-ListTests/Info.plist";
				LD_RUNPATH_SEARCH_PATHS = (
					"$(inherited)",
					"@executable_path/Frameworks",
					"@loader_path/Frameworks",
				);
				PRODUCT_BUNDLE_IDENTIFIER = "RayGervais.Breed-ListTests";
				PRODUCT_NAME = "$(TARGET_NAME)";
				SWIFT_VERSION = 4.0;
				TARGETED_DEVICE_FAMILY = "1,2";
				TEST_HOST = "$(BUILT_PRODUCTS_DIR)/Breed-List.app/Breed-List";
			};
			name = Release;
		};
		1F1D6B3220CA07FF0005DC62 /* Debug */ = {
			isa = XCBuildConfiguration;
			buildSettings = {
				ALWAYS_EMBED_SWIFT_STANDARD_LIBRARIES = YES;
				CODE_SIGN_STYLE = Automatic;
				INFOPLIST_FILE = "Breed-ListUITests/Info.plist";
				LD_RUNPATH_SEARCH_PATHS = (
					"$(inherited)",
					"@executable_path/Frameworks",
					"@loader_path/Frameworks",
				);
				PRODUCT_BUNDLE_IDENTIFIER = "RayGervais.Breed-ListUITests";
				PRODUCT_NAME = "$(TARGET_NAME)";
				SWIFT_VERSION = 4.0;
				TARGETED_DEVICE_FAMILY = "1,2";
				TEST_TARGET_NAME = "Breed-List";
			};
			name = Debug;
		};
		1F1D6B3320CA07FF0005DC62 /* Release */ = {
			isa = XCBuildConfiguration;
			buildSettings = {
				ALWAYS_EMBED_SWIFT_STANDARD_LIBRARIES = YES;
				CODE_SIGN_STYLE = Automatic;
				INFOPLIST_FILE = "Breed-ListUITests/Info.plist";
				LD_RUNPATH_SEARCH_PATHS = (
					"$(inherited)",
					"@executable_path/Frameworks",
					"@loader_path/Frameworks",
				);
				PRODUCT_BUNDLE_IDENTIFIER = "RayGervais.Breed-ListUITests";
				PRODUCT_NAME = "$(TARGET_NAME)";
				SWIFT_VERSION = 4.0;
				TARGETED_DEVICE_FAMILY = "1,2";
				TEST_TARGET_NAME = "Breed-List";
			};
			name = Release;
		};
/* End XCBuildConfiguration section */

/* Begin XCConfigurationList section */
		1F1D6AFE20CA07FD0005DC62 /* Build configuration list for PBXProject "Breed-List" */ = {
			isa = XCConfigurationList;
			buildConfigurations = (
				1F1D6B2920CA07FF0005DC62 /* Debug */,
				1F1D6B2A20CA07FF0005DC62 /* Release */,
			);
			defaultConfigurationIsVisible = 0;
			defaultConfigurationName = Release;
		};
		1F1D6B2B20CA07FF0005DC62 /* Build configuration list for PBXNativeTarget "Breed-List" */ = {
			isa = XCConfigurationList;
			buildConfigurations = (
				1F1D6B2C20CA07FF0005DC62 /* Debug */,
				1F1D6B2D20CA07FF0005DC62 /* Release */,
			);
			defaultConfigurationIsVisible = 0;
			defaultConfigurationName = Release;
		};
		1F1D6B2E20CA07FF0005DC62 /* Build configuration list for PBXNativeTarget "Breed-ListTests" */ = {
			isa = XCConfigurationList;
			buildConfigurations = (
				1F1D6B2F20CA07FF0005DC62 /* Debug */,
				1F1D6B3020CA07FF0005DC62 /* Release */,
			);
			defaultConfigurationIsVisible = 0;
			defaultConfigurationName = Release;
		};
		1F1D6B3120CA07FF0005DC62 /* Build configuration list for PBXNativeTarget "Breed-ListUITests" */ = {
			isa = XCConfigurationList;
			buildConfigurations = (
				1F1D6B3220CA07FF0005DC62 /* Debug */,
				1F1D6B3320CA07FF0005DC62 /* Release */,
			);
			defaultConfigurationIsVisible = 0;
			defaultConfigurationName = Release;
		};
/* End XCConfigurationList section */
	};
	rootObject = 1F1D6AFB20CA07FD0005DC62 /* Project object */;
}
